{
  "name": "kick",
  "version": "1.7.0",
  "lockfileVersion": 1,
  "requires": true,
  "dependencies": {
    "@jridgewell/gen-mapping": {
      "version": "0.3.2",
      "resolved": "https://registry.npmjs.org/@jridgewell/gen-mapping/-/gen-mapping-0.3.2.tgz",
      "integrity": "sha512-mh65xKQAzI6iBcFzwv28KVWSmCkdRBWoOh+bYQGW3+6OZvbbN3TqMGo5hqYxQniRcH9F2VZIoJCm4pa3BPDK/A==",
      "dev": true,
      "requires": {
        "@jridgewell/set-array": "^1.0.1",
        "@jridgewell/sourcemap-codec": "^1.4.10",
        "@jridgewell/trace-mapping": "^0.3.9"
      }
    },
    "@jridgewell/resolve-uri": {
      "version": "3.1.0",
      "resolved": "https://registry.npmjs.org/@jridgewell/resolve-uri/-/resolve-uri-3.1.0.tgz",
      "integrity": "sha512-F2msla3tad+Mfht5cJq7LSXcdudKTWCVYUgw6pLFOOHSTtZlj6SWNYAp+AhuqLmWdBO2X5hPrLcu8cVP8fy28w==",
      "dev": true
    },
    "@jridgewell/set-array": {
      "version": "1.1.2",
      "resolved": "https://registry.npmjs.org/@jridgewell/set-array/-/set-array-1.1.2.tgz",
      "integrity": "sha512-xnkseuNADM0gt2bs+BvhO0p78Mk762YnZdsuzFV018NoG1Sj1SCQvpSqa7XUaTam5vAGasABV9qXASMKnFMwMw==",
      "dev": true
    },
    "@jridgewell/source-map": {
      "version": "0.3.2",
      "resolved": "https://registry.npmjs.org/@jridgewell/source-map/-/source-map-0.3.2.tgz",
      "integrity": "sha512-m7O9o2uR8k2ObDysZYzdfhb08VuEml5oWGiosa1VdaPZ/A6QyPkAJuwN0Q1lhULOf6B7MtQmHENS743hWtCrgw==",
      "dev": true,
      "requires": {
        "@jridgewell/gen-mapping": "^0.3.0",
        "@jridgewell/trace-mapping": "^0.3.9"
      }
    },
    "@jridgewell/sourcemap-codec": {
      "version": "1.4.14",
      "resolved": "https://registry.npmjs.org/@jridgewell/sourcemap-codec/-/sourcemap-codec-1.4.14.tgz",
      "integrity": "sha512-XPSJHWmi394fuUuzDnGz1wiKqWfo1yXecHQMRf2l6hztTO+nPru658AyDngaBe7isIxEkRsPR3FZh+s7iVa4Uw==",
      "dev": true
    },
    "@jridgewell/trace-mapping": {
      "version": "0.3.17",
      "resolved": "https://registry.npmjs.org/@jridgewell/trace-mapping/-/trace-mapping-0.3.17.tgz",
      "integrity": "sha512-MCNzAp77qzKca9+W/+I0+sEpaUnZoeasnghNeVc41VZCEKaCH73Vq3BZZ/SzWIgrqE4H4ceI+p+b6C0mHf9T4g==",
      "dev": true,
      "requires": {
        "@jridgewell/resolve-uri": "3.1.0",
        "@jridgewell/sourcemap-codec": "1.4.14"
      }
    },
    "@types/eslint": {
      "version": "8.21.1",
      "resolved": "https://registry.npmjs.org/@types/eslint/-/eslint-8.21.1.tgz",
      "integrity": "sha512-rc9K8ZpVjNcLs8Fp0dkozd5Pt2Apk1glO4Vgz8ix1u6yFByxfqo5Yavpy65o+93TAe24jr7v+eSBtFLvOQtCRQ==",
      "dev": true,
      "requires": {
        "@types/estree": "*",
        "@types/json-schema": "*"
      }
    },
    "@types/eslint-scope": {
      "version": "3.7.4",
      "resolved": "https://registry.npmjs.org/@types/eslint-scope/-/eslint-scope-3.7.4.tgz",
      "integrity": "sha512-9K4zoImiZc3HlIp6AVUDE4CWYx22a+lhSZMYNpbjW04+YF0KWj4pJXnEMjdnFTiQibFFmElcsasJXDbdI/EPhA==",
      "dev": true,
      "requires": {
        "@types/eslint": "*",
        "@types/estree": "*"
      }
    },
    "@types/estree": {
      "version": "0.0.51",
      "resolved": "https://registry.npmjs.org/@types/estree/-/estree-0.0.51.tgz",
      "integrity": "sha512-CuPgU6f3eT/XgKKPqKd/gLZV1Xmvf1a2R5POBOGQa6uv82xpls89HU5zKeVoyR8XzHd1RGNOlQlvUe3CFkjWNQ==",
      "dev": true
    },
    "@types/json-schema": {
      "version": "7.0.11",
      "resolved": "https://registry.npmjs.org/@types/json-schema/-/json-schema-7.0.11.tgz",
      "integrity": "sha512-wOuvG1SN4Us4rez+tylwwwCV1psiNVOkJeM3AUWUNWg/jDQY2+HE/444y5gc+jBmRqASOm2Oeh5c1axHobwRKQ==",
      "dev": true
    },
    "@types/node": {
      "version": "18.14.5",
      "resolved": "https://registry.npmjs.org/@types/node/-/node-18.14.5.tgz",
      "integrity": "sha512-CRT4tMK/DHYhw1fcCEBwME9CSaZNclxfzVMe7GsO6ULSwsttbj70wSiX6rZdIjGblu93sTJxLdhNIT85KKI7Qw==",
      "dev": true
    },
    "@webassemblyjs/ast": {
      "version": "1.11.1",
      "resolved": "https://registry.npmjs.org/@webassemblyjs/ast/-/ast-1.11.1.tgz",
      "integrity": "sha512-ukBh14qFLjxTQNTXocdyksN5QdM28S1CxHt2rdskFyL+xFV7VremuBLVbmCePj+URalXBENx/9Lm7lnhihtCSw==",
      "dev": true,
      "requires": {
        "@webassemblyjs/helper-numbers": "1.11.1",
        "@webassemblyjs/helper-wasm-bytecode": "1.11.1"
      }
    },
    "@webassemblyjs/floating-point-hex-parser": {
      "version": "1.11.1",
      "resolved": "https://registry.npmjs.org/@webassemblyjs/floating-point-hex-parser/-/floating-point-hex-parser-1.11.1.tgz",
      "integrity": "sha512-iGRfyc5Bq+NnNuX8b5hwBrRjzf0ocrJPI6GWFodBFzmFnyvrQ83SHKhmilCU/8Jv67i4GJZBMhEzltxzcNagtQ==",
      "dev": true
    },
    "@webassemblyjs/helper-api-error": {
      "version": "1.11.1",
      "resolved": "https://registry.npmjs.org/@webassemblyjs/helper-api-error/-/helper-api-error-1.11.1.tgz",
      "integrity": "sha512-RlhS8CBCXfRUR/cwo2ho9bkheSXG0+NwooXcc3PAILALf2QLdFyj7KGsKRbVc95hZnhnERon4kW/D3SZpp6Tcg==",
      "dev": true
    },
    "@webassemblyjs/helper-buffer": {
      "version": "1.11.1",
      "resolved": "https://registry.npmjs.org/@webassemblyjs/helper-buffer/-/helper-buffer-1.11.1.tgz",
      "integrity": "sha512-gwikF65aDNeeXa8JxXa2BAk+REjSyhrNC9ZwdT0f8jc4dQQeDQ7G4m0f2QCLPJiMTTO6wfDmRmj/pW0PsUvIcA==",
      "dev": true
    },
    "@webassemblyjs/helper-numbers": {
      "version": "1.11.1",
      "resolved": "https://registry.npmjs.org/@webassemblyjs/helper-numbers/-/helper-numbers-1.11.1.tgz",
      "integrity": "sha512-vDkbxiB8zfnPdNK9Rajcey5C0w+QJugEglN0of+kmO8l7lDb77AnlKYQF7aarZuCrv+l0UvqL+68gSDr3k9LPQ==",
      "dev": true,
      "requires": {
        "@webassemblyjs/floating-point-hex-parser": "1.11.1",
        "@webassemblyjs/helper-api-error": "1.11.1",
        "@xtuc/long": "4.2.2"
      }
    },
    "@webassemblyjs/helper-wasm-bytecode": {
      "version": "1.11.1",
      "resolved": "https://registry.npmjs.org/@webassemblyjs/helper-wasm-bytecode/-/helper-wasm-bytecode-1.11.1.tgz",
      "integrity": "sha512-PvpoOGiJwXeTrSf/qfudJhwlvDQxFgelbMqtq52WWiXC6Xgg1IREdngmPN3bs4RoO83PnL/nFrxucXj1+BX62Q==",
      "dev": true
    },
    "@webassemblyjs/helper-wasm-section": {
      "version": "1.11.1",
      "resolved": "https://registry.npmjs.org/@webassemblyjs/helper-wasm-section/-/helper-wasm-section-1.11.1.tgz",
      "integrity": "sha512-10P9No29rYX1j7F3EVPX3JvGPQPae+AomuSTPiF9eBQeChHI6iqjMIwR9JmOJXwpnn/oVGDk7I5IlskuMwU/pg==",
      "dev": true,
      "requires": {
        "@webassemblyjs/ast": "1.11.1",
        "@webassemblyjs/helper-buffer": "1.11.1",
        "@webassemblyjs/helper-wasm-bytecode": "1.11.1",
        "@webassemblyjs/wasm-gen": "1.11.1"
      }
    },
    "@webassemblyjs/ieee754": {
      "version": "1.11.1",
      "resolved": "https://registry.npmjs.org/@webassemblyjs/ieee754/-/ieee754-1.11.1.tgz",
      "integrity": "sha512-hJ87QIPtAMKbFq6CGTkZYJivEwZDbQUgYd3qKSadTNOhVY7p+gfP6Sr0lLRVTaG1JjFj+r3YchoqRYxNH3M0GQ==",
      "dev": true,
      "requires": {
        "@xtuc/ieee754": "^1.2.0"
      }
    },
    "@webassemblyjs/leb128": {
      "version": "1.11.1",
      "resolved": "https://registry.npmjs.org/@webassemblyjs/leb128/-/leb128-1.11.1.tgz",
      "integrity": "sha512-BJ2P0hNZ0u+Th1YZXJpzW6miwqQUGcIHT1G/sf72gLVD9DZ5AdYTqPNbHZh6K1M5VmKvFXwGSWZADz+qBWxeRw==",
      "dev": true,
      "requires": {
        "@xtuc/long": "4.2.2"
      }
    },
    "@webassemblyjs/utf8": {
      "version": "1.11.1",
      "resolved": "https://registry.npmjs.org/@webassemblyjs/utf8/-/utf8-1.11.1.tgz",
      "integrity": "sha512-9kqcxAEdMhiwQkHpkNiorZzqpGrodQQ2IGrHHxCy+Ozng0ofyMA0lTqiLkVs1uzTRejX+/O0EOT7KxqVPuXosQ==",
      "dev": true
    },
    "@webassemblyjs/wasm-edit": {
      "version": "1.11.1",
      "resolved": "https://registry.npmjs.org/@webassemblyjs/wasm-edit/-/wasm-edit-1.11.1.tgz",
      "integrity": "sha512-g+RsupUC1aTHfR8CDgnsVRVZFJqdkFHpsHMfJuWQzWU3tvnLC07UqHICfP+4XyL2tnr1amvl1Sdp06TnYCmVkA==",
      "dev": true,
      "requires": {
        "@webassemblyjs/ast": "1.11.1",
        "@webassemblyjs/helper-buffer": "1.11.1",
        "@webassemblyjs/helper-wasm-bytecode": "1.11.1",
        "@webassemblyjs/helper-wasm-section": "1.11.1",
        "@webassemblyjs/wasm-gen": "1.11.1",
        "@webassemblyjs/wasm-opt": "1.11.1",
        "@webassemblyjs/wasm-parser": "1.11.1",
        "@webassemblyjs/wast-printer": "1.11.1"
      }
    },
    "@webassemblyjs/wasm-gen": {
      "version": "1.11.1",
      "resolved": "https://registry.npmjs.org/@webassemblyjs/wasm-gen/-/wasm-gen-1.11.1.tgz",
      "integrity": "sha512-F7QqKXwwNlMmsulj6+O7r4mmtAlCWfO/0HdgOxSklZfQcDu0TpLiD1mRt/zF25Bk59FIjEuGAIyn5ei4yMfLhA==",
      "dev": true,
      "requires": {
        "@webassemblyjs/ast": "1.11.1",
        "@webassemblyjs/helper-wasm-bytecode": "1.11.1",
        "@webassemblyjs/ieee754": "1.11.1",
        "@webassemblyjs/leb128": "1.11.1",
        "@webassemblyjs/utf8": "1.11.1"
      }
    },
    "@webassemblyjs/wasm-opt": {
      "version": "1.11.1",
      "resolved": "https://registry.npmjs.org/@webassemblyjs/wasm-opt/-/wasm-opt-1.11.1.tgz",
      "integrity": "sha512-VqnkNqnZlU5EB64pp1l7hdm3hmQw7Vgqa0KF/KCNO9sIpI6Fk6brDEiX+iCOYrvMuBWDws0NkTOxYEb85XQHHw==",
      "dev": true,
      "requires": {
        "@webassemblyjs/ast": "1.11.1",
        "@webassemblyjs/helper-buffer": "1.11.1",
        "@webassemblyjs/wasm-gen": "1.11.1",
        "@webassemblyjs/wasm-parser": "1.11.1"
      }
    },
    "@webassemblyjs/wasm-parser": {
      "version": "1.11.1",
      "resolved": "https://registry.npmjs.org/@webassemblyjs/wasm-parser/-/wasm-parser-1.11.1.tgz",
      "integrity": "sha512-rrBujw+dJu32gYB7/Lup6UhdkPx9S9SnobZzRVL7VcBH9Bt9bCBLEuX/YXOOtBsOZ4NQrRykKhffRWHvigQvOA==",
      "dev": true,
      "requires": {
        "@webassemblyjs/ast": "1.11.1",
        "@webassemblyjs/helper-api-error": "1.11.1",
        "@webassemblyjs/helper-wasm-bytecode": "1.11.1",
        "@webassemblyjs/ieee754": "1.11.1",
        "@webassemblyjs/leb128": "1.11.1",
        "@webassemblyjs/utf8": "1.11.1"
      }
    },
    "@webassemblyjs/wast-printer": {
      "version": "1.11.1",
      "resolved": "https://registry.npmjs.org/@webassemblyjs/wast-printer/-/wast-printer-1.11.1.tgz",
      "integrity": "sha512-IQboUWM4eKzWW+N/jij2sRatKMh99QEelo3Eb2q0qXkvPRISAj8Qxtmw5itwqK+TTkBuUIE45AxYPToqPtL5gg==",
      "dev": true,
      "requires": {
        "@webassemblyjs/ast": "1.11.1",
        "@xtuc/long": "4.2.2"
      }
    },
    "@xtuc/ieee754": {
      "version": "1.2.0",
      "resolved": "https://registry.npmjs.org/@xtuc/ieee754/-/ieee754-1.2.0.tgz",
      "integrity": "sha512-DX8nKgqcGwsc0eJSqYt5lwP4DH5FlHnmuWWBRy7X0NcaGR0ZtuyeESgMwTYVEtxmsNGY+qit4QYT/MIYTOTPeA==",
      "dev": true
    },
    "@xtuc/long": {
      "version": "4.2.2",
      "resolved": "https://registry.npmjs.org/@xtuc/long/-/long-4.2.2.tgz",
      "integrity": "sha512-NuHqBY1PB/D8xU6s/thBgOAiAP7HOYDQ32+BFZILJ8ivkUkAHQnWfn6WhL79Owj1qmUnoN/YPhktdIoucipkAQ==",
      "dev": true
    },
    "acorn": {
      "version": "8.8.2",
      "resolved": "https://registry.npmjs.org/acorn/-/acorn-8.8.2.tgz",
      "integrity": "sha512-xjIYgE8HBrkpd/sJqOGNspf8uHG+NOHGOw6a/Urj8taM2EXfdNAH2oFcPeIFfsv3+kz/mJrS5VuMqbNLjCa2vw==",
      "dev": true
    },
    "acorn-import-assertions": {
      "version": "1.8.0",
      "resolved": "https://registry.npmjs.org/acorn-import-assertions/-/acorn-import-assertions-1.8.0.tgz",
      "integrity": "sha512-m7VZ3jwz4eK6A4Vtt8Ew1/mNbP24u0FhdyfA7fSvnJR6LMdfOYnmuIrrJAgrYfYJ10F/otaHTtrtrtmHdMNzEw==",
      "dev": true
    },
    "ajv": {
      "version": "6.12.6",
      "resolved": "https://registry.npmjs.org/ajv/-/ajv-6.12.6.tgz",
      "integrity": "sha512-j3fVLgvTo527anyYyJOGTYJbG+vnnQYvE0m5mmkc1TK+nxAppkCLMIL0aZ4dblVCNoGShhm+kzE4ZUykBoMg4g==",
      "dev": true,
      "requires": {
        "fast-deep-equal": "^3.1.1",
        "fast-json-stable-stringify": "^2.0.0",
        "json-schema-traverse": "^0.4.1",
        "uri-js": "^4.2.2"
      }
    },
    "ajv-keywords": {
      "version": "3.5.2",
      "resolved": "https://registry.npmjs.org/ajv-keywords/-/ajv-keywords-3.5.2.tgz",
      "integrity": "sha512-5p6WTN0DdTGVQk6VjcEju19IgaHudalcfabD7yhDGeA6bcQnmL+CpveLJq/3hvfwd1aof6L386Ougkx6RfyMIQ==",
      "dev": true
    },
    "app-module-path": {
      "version": "1.0.4",
      "resolved": "https://registry.npmjs.org/app-module-path/-/app-module-path-1.0.4.tgz",
      "integrity": "sha1-GHq1B8iiihkfrAcEddlkEi3xyxU="
    },
    "async": {
      "version": "1.5.2",
      "resolved": "https://registry.npmjs.org/async/-/async-1.5.2.tgz",
      "integrity": "sha1-7GphrlZIDAw8skHJVhjiCJL5Zyo="
    },
    "balanced-match": {
      "version": "1.0.0",
      "resolved": "https://registry.npmjs.org/balanced-match/-/balanced-match-1.0.0.tgz",
      "integrity": "sha1-ibTRmasr7kneFk6gK4nORi1xt2c="
    },
    "brace-expansion": {
      "version": "1.1.11",
      "resolved": "https://registry.npmjs.org/brace-expansion/-/brace-expansion-1.1.11.tgz",
      "integrity": "sha512-iCuPHDFgrHX7H2vEI/5xpz07zSHB00TpugqhmYtVmMO6518mCuRMoOYFldEBl0g187ufozdaHgWKcYFb61qGiA==",
      "requires": {
        "balanced-match": "^1.0.0",
        "concat-map": "0.0.1"
      }
    },
    "browserslist": {
      "version": "4.21.5",
      "resolved": "https://registry.npmjs.org/browserslist/-/browserslist-4.21.5.tgz",
      "integrity": "sha512-tUkiguQGW7S3IhB7N+c2MV/HZPSCPAAiYBZXLsBhFB/PCy6ZKKsZrmBayHV9fdGV/ARIfJ14NkxKzRDjvp7L6w==",
      "dev": true,
      "requires": {
        "caniuse-lite": "^1.0.30001449",
        "electron-to-chromium": "^1.4.284",
        "node-releases": "^2.0.8",
        "update-browserslist-db": "^1.0.10"
      }
    },
    "buffer-from": {
      "version": "1.1.2",
      "resolved": "https://registry.npmjs.org/buffer-from/-/buffer-from-1.1.2.tgz",
      "integrity": "sha512-E+XQCRwSbaaiChtv6k6Dwgc+bx+Bs6vuKJHHl5kox/BaKbhiXzqQOwK4cO22yElGp2OCmjwVhT3HmxgyPGnJfQ==",
      "dev": true
    },
    "camel-case": {
      "version": "1.2.2",
      "resolved": "https://registry.npmjs.org/camel-case/-/camel-case-1.2.2.tgz",
      "integrity": "sha1-Gsp8TRlTWaLOmVV5NDPG5VQlEfI=",
      "requires": {
        "sentence-case": "^1.1.1",
        "upper-case": "^1.1.1"
      }
    },
    "caniuse-lite": {
      "version": "1.0.30001460",
      "resolved": "https://registry.npmjs.org/caniuse-lite/-/caniuse-lite-1.0.30001460.tgz",
      "integrity": "sha512-Bud7abqjvEjipUkpLs4D7gR0l8hBYBHoa+tGtKJHvT2AYzLp1z7EmVkUT4ERpVUfca8S2HGIVs883D8pUH1ZzQ==",
      "dev": true
    },
    "change-case": {
      "version": "2.3.0",
      "resolved": "https://registry.npmjs.org/change-case/-/change-case-2.3.0.tgz",
      "integrity": "sha1-PXwE6J3+gRmDHr+FnJ45VYI1qFU=",
      "requires": {
        "camel-case": "^1.1.1",
        "constant-case": "^1.1.0",
        "dot-case": "^1.1.0",
        "is-lower-case": "^1.1.0",
        "is-upper-case": "^1.1.0",
        "lower-case": "^1.1.1",
        "lower-case-first": "^1.0.0",
        "param-case": "^1.1.0",
        "pascal-case": "^1.1.0",
        "path-case": "^1.1.0",
        "sentence-case": "^1.1.1",
        "snake-case": "^1.1.0",
        "swap-case": "^1.1.0",
        "title-case": "^1.1.0",
        "upper-case": "^1.1.1",
        "upper-case-first": "^1.1.0"
      }
    },
    "chrome-trace-event": {
      "version": "1.0.3",
      "resolved": "https://registry.npmjs.org/chrome-trace-event/-/chrome-trace-event-1.0.3.tgz",
      "integrity": "sha512-p3KULyQg4S7NIHixdwbGX+nFHkoBiA4YQmyWtjb8XngSKV124nJmRysgAeujbUVb15vh+RvFUfCPqU7rXk+hZg==",
      "dev": true
    },
    "cli-clear": {
      "version": "1.0.4",
      "resolved": "https://registry.npmjs.org/cli-clear/-/cli-clear-1.0.4.tgz",
      "integrity": "sha1-Qs8wUvJbcGg4b7fbrugtU0tkyJk="
    },
    "colors": {
      "version": "1.1.2",
      "resolved": "https://registry.npmjs.org/colors/-/colors-1.1.2.tgz",
      "integrity": "sha1-FopHAXVran9RoSzgyXv6KMCE7WM="
    },
    "commander": {
      "version": "2.20.3",
      "resolved": "https://registry.npmjs.org/commander/-/commander-2.20.3.tgz",
      "integrity": "sha512-GpVkmM8vF2vQUkj2LvZmD35JxeJOLCwJ9cUkugyk2nuhbv3+mJvpLYYt+0+USMxE+oj+ey/lJEnhZw75x/OMcQ==",
      "dev": true
    },
    "concat-map": {
      "version": "0.0.1",
      "resolved": "https://registry.npmjs.org/concat-map/-/concat-map-0.0.1.tgz",
      "integrity": "sha1-2Klr13/Wjfd5OnMDajug1UBdR3s="
    },
    "constant-case": {
      "version": "1.1.2",
      "resolved": "https://registry.npmjs.org/constant-case/-/constant-case-1.1.2.tgz",
      "integrity": "sha1-jsLKW6ND4Aqjjb9OIA/VrJB+/WM=",
      "requires": {
        "snake-case": "^1.1.0",
        "upper-case": "^1.1.1"
      }
    },
    "cpr": {
      "version": "0.4.3",
      "resolved": "https://registry.npmjs.org/cpr/-/cpr-0.4.3.tgz",
      "integrity": "sha1-CiPktuwj87jMekBey1z9x3j33iU=",
      "requires": {
        "graceful-fs": "~4.1.2",
        "mkdirp": "~0.5.0",
        "rimraf": "~2.4.3"
      }
    },
    "did-you-mean": {
      "version": "0.0.1",
      "resolved": "https://registry.npmjs.org/did-you-mean/-/did-you-mean-0.0.1.tgz",
      "integrity": "sha1-iFHOgkB5A8tiwSy2rU9naSHM3sM=",
      "requires": {
        "levenshtein": "*",
        "underscore": "*"
      }
    },
    "dot-case": {
      "version": "1.1.2",
      "resolved": "https://registry.npmjs.org/dot-case/-/dot-case-1.1.2.tgz",
      "integrity": "sha1-HnOCaQDeKNbeVIC8HeMdCEKwa+w=",
      "requires": {
        "sentence-case": "^1.1.2"
      }
    },
    "electron-to-chromium": {
      "version": "1.4.317",
      "resolved": "https://registry.npmjs.org/electron-to-chromium/-/electron-to-chromium-1.4.317.tgz",
      "integrity": "sha512-JhCRm9v30FMNzQSsjl4kXaygU+qHBD0Yh7mKxyjmF0V8VwYVB6qpBRX28GyAucrM9wDCpSUctT6FpMUQxbyKuA==",
      "dev": true
    },
    "enhanced-resolve": {
      "version": "5.12.0",
      "resolved": "https://registry.npmjs.org/enhanced-resolve/-/enhanced-resolve-5.12.0.tgz",
      "integrity": "sha512-QHTXI/sZQmko1cbDoNAa3mJ5qhWUUNAq3vR0/YiD379fWQrcfuoX1+HW2S0MTt7XmoPLapdaDKUtelUSPic7hQ==",
      "dev": true,
      "requires": {
        "graceful-fs": "^4.2.4",
        "tapable": "^2.2.0"
      },
      "dependencies": {
        "graceful-fs": {
          "version": "4.2.10",
          "resolved": "https://registry.npmjs.org/graceful-fs/-/graceful-fs-4.2.10.tgz",
          "integrity": "sha512-9ByhssR2fPVsNZj478qUUbKfmL0+t5BDVyjShtyZZLiK7ZDAArFFfopyOTj0M05wE2tJPisA4iTnnXl2YoPvOA==",
          "dev": true
        }
      }
    },
    "es-module-lexer": {
      "version": "0.9.3",
      "resolved": "https://registry.npmjs.org/es-module-lexer/-/es-module-lexer-0.9.3.tgz",
      "integrity": "sha512-1HQ2M2sPtxwnvOvT1ZClHyQDiggdNjURWpY2we6aMKCQiUVxTmVs2UYPLIrD84sS+kMdUwfBSylbJPwNnBrnHQ==",
      "dev": true
    },
    "escalade": {
      "version": "3.1.1",
      "resolved": "https://registry.npmjs.org/escalade/-/escalade-3.1.1.tgz",
      "integrity": "sha512-k0er2gUkLf8O0zKJiAhmkTnJlTvINGv7ygDNPbeIsX/TJjGJZHuh9B2UxbsaEkmlEo9MfhrSzmhIlhRlI2GXnw==",
      "dev": true
    },
    "eslint-scope": {
      "version": "5.1.1",
      "resolved": "https://registry.npmjs.org/eslint-scope/-/eslint-scope-5.1.1.tgz",
      "integrity": "sha512-2NxwbF/hZ0KpepYN0cNbo+FN6XoK7GaHlQhgx/hIZl6Va0bF45RQOOwhLIy8lQDbuCiadSLCBnH2CFYquit5bw==",
      "dev": true,
      "requires": {
        "esrecurse": "^4.3.0",
        "estraverse": "^4.1.1"
      }
    },
    "esrecurse": {
      "version": "4.3.0",
      "resolved": "https://registry.npmjs.org/esrecurse/-/esrecurse-4.3.0.tgz",
      "integrity": "sha512-KmfKL3b6G+RXvP8N1vr3Tq1kL/oCFgn2NYXEtqP8/L3pKapUA4G8cFVaoF3SU323CD4XypR/ffioHmkti6/Tag==",
      "dev": true,
      "requires": {
        "estraverse": "^5.2.0"
      },
      "dependencies": {
        "estraverse": {
          "version": "5.3.0",
          "resolved": "https://registry.npmjs.org/estraverse/-/estraverse-5.3.0.tgz",
          "integrity": "sha512-MMdARuVEQziNTeJD8DgMqmhwR11BRQ/cBP+pLtYdSTnf3MIO8fFeiINEbX36ZdNlfU/7A9f3gUw49B3oQsvwBA==",
          "dev": true
        }
      }
    },
    "estraverse": {
      "version": "4.3.0",
      "resolved": "https://registry.npmjs.org/estraverse/-/estraverse-4.3.0.tgz",
      "integrity": "sha512-39nnKffWz8xN1BU/2c79n9nB9HDzo0niYUqx6xyqUnyoAnQyyWpOTdZEeiCch8BBu515t4wp9ZmgVfVhn9EBpw==",
      "dev": true
    },
    "events": {
      "version": "3.3.0",
      "resolved": "https://registry.npmjs.org/events/-/events-3.3.0.tgz",
      "integrity": "sha512-mQw+2fkQbALzQ7V0MY0IqdnXNOeTtP4r0lN9z7AAawCXgqea7bDii20AYrIBrFd/Hx0M2Ocz6S111CaFkUcb0Q==",
      "dev": true
    },
    "exit": {
      "version": "0.1.2",
      "resolved": "https://registry.npmjs.org/exit/-/exit-0.1.2.tgz",
      "integrity": "sha1-BjJjj42HfMghB9MKD/8aF8uhzQw=",
      "dev": true
    },
    "fast-deep-equal": {
      "version": "3.1.3",
      "resolved": "https://registry.npmjs.org/fast-deep-equal/-/fast-deep-equal-3.1.3.tgz",
      "integrity": "sha512-f3qQ9oQy9j2AhBe/H9VC91wLmKBCCU/gDOnKNAYG5hswO7BLKj09Hc5HYNz9cGI++xlpDCIgDaitVs03ATR84Q==",
      "dev": true
    },
    "fast-json-stable-stringify": {
      "version": "2.1.0",
      "resolved": "https://registry.npmjs.org/fast-json-stable-stringify/-/fast-json-stable-stringify-2.1.0.tgz",
      "integrity": "sha512-lhd/wF+Lk98HZoTCtlVraHtfh5XYijIjalXck7saUtuanSDyLMxnHhSXEDJqHxD7msR8D0uCmqlkwjCV8xvwHw==",
      "dev": true
    },
    "fs-extra": {
      "version": "0.24.0",
      "resolved": "https://registry.npmjs.org/fs-extra/-/fs-extra-0.24.0.tgz",
      "integrity": "sha1-1OQ0KpZnXLeEZjOmCZJJMytTmVI=",
      "requires": {
        "graceful-fs": "^4.1.2",
        "jsonfile": "^2.1.0",
        "path-is-absolute": "^1.0.0",
        "rimraf": "^2.2.8"
      }
    },
    "get-folder-size": {
      "version": "1.0.0",
      "resolved": "https://registry.npmjs.org/get-folder-size/-/get-folder-size-1.0.0.tgz",
      "integrity": "sha1-E01mOg50VhG3L3HIOxPxsS8xuik=",
      "requires": {
        "async": "^1.4.2",
        "minimist": "^1.2.0"
      }
    },
    "glob": {
      "version": "6.0.4",
      "resolved": "https://registry.npmjs.org/glob/-/glob-6.0.4.tgz",
      "integrity": "sha1-DwiGD2oVUSey+t1PnOJLGqtuTSI=",
      "requires": {
        "inflight": "^1.0.4",
        "inherits": "2",
        "minimatch": "2 || 3",
        "once": "^1.3.0",
        "path-is-absolute": "^1.0.0"
      }
    },
    "glob-to-regexp": {
      "version": "0.4.1",
      "resolved": "https://registry.npmjs.org/glob-to-regexp/-/glob-to-regexp-0.4.1.tgz",
      "integrity": "sha512-lkX1HJXwyMcprw/5YUZc2s7DrpAiHB21/V+E1rHUrVNokkvB6bqMzT0VfV6/86ZNabt1k14YOIaT7nDvOX3Iiw==",
      "dev": true
    },
    "graceful-fs": {
      "version": "4.1.15",
      "resolved": "https://registry.npmjs.org/graceful-fs/-/graceful-fs-4.1.15.tgz",
      "integrity": "sha512-6uHUhOPEBgQ24HM+r6b/QwWfZq+yiFcipKFrOFiBEnWdy5sdzYoi+pJeQaPI5qOLRFqWmAXUPQNsielzdLoecA=="
    },
    "has-flag": {
      "version": "4.0.0",
      "resolved": "https://registry.npmjs.org/has-flag/-/has-flag-4.0.0.tgz",
      "integrity": "sha512-EykJT/Q1KjTWctppgIAgfSO0tKVuZUjhgMr17kqTumMl6Afv3EISleU7qZUzoXDFTAHTDC4NOoG/ZxU3EvlMPQ==",
      "dev": true
    },
    "inflight": {
      "version": "1.0.6",
      "resolved": "https://registry.npmjs.org/inflight/-/inflight-1.0.6.tgz",
      "integrity": "sha1-Sb1jMdfQLQwJvJEKEHW6gWW1bfk=",
      "requires": {
        "once": "^1.3.0",
        "wrappy": "1"
      }
    },
    "inherits": {
      "version": "2.0.4",
      "resolved": "https://registry.npmjs.org/inherits/-/inherits-2.0.4.tgz",
      "integrity": "sha512-k/vGaX4/Yla3WzyMCvTQOXYeIHvqOKtnqBduzTHpzpQZzAskKMhZ2K+EnBiSM9zGSoIFeMpXKxa4dYeZIQqewQ=="
    },
    "is-absolute": {
      "version": "0.1.7",
      "resolved": "https://registry.npmjs.org/is-absolute/-/is-absolute-0.1.7.tgz",
      "integrity": "sha1-hHSREZ/MtftDYhfMc39/qtUPYD8=",
      "requires": {
        "is-relative": "^0.1.0"
      }
    },
    "is-lower-case": {
      "version": "1.1.3",
      "resolved": "https://registry.npmjs.org/is-lower-case/-/is-lower-case-1.1.3.tgz",
      "integrity": "sha1-fhR75HaNxGbbO/shzGCzHmrWk5M=",
      "requires": {
        "lower-case": "^1.1.0"
      }
    },
    "is-relative": {
      "version": "0.1.3",
      "resolved": "https://registry.npmjs.org/is-relative/-/is-relative-0.1.3.tgz",
      "integrity": "sha1-kF/uiuhvRbPsYUvDwVyGnfCHboI="
    },
    "is-upper-case": {
      "version": "1.1.2",
      "resolved": "https://registry.npmjs.org/is-upper-case/-/is-upper-case-1.1.2.tgz",
      "integrity": "sha1-jQsfp+eTOh5YSDYA7H2WYcuvdW8=",
      "requires": {
        "upper-case": "^1.1.0"
      }
    },
    "jasmine": {
      "version": "2.2.1",
      "resolved": "https://registry.npmjs.org/jasmine/-/jasmine-2.2.1.tgz",
      "integrity": "sha1-OPC6ebqSXrX56ZwsRnplVWKIp5o=",
      "dev": true,
      "requires": {
        "exit": "^0.1.2",
        "glob": "^3.2.11",
        "jasmine-core": "~2.2.0"
      },
      "dependencies": {
        "glob": {
          "version": "3.2.11",
          "resolved": "https://registry.npmjs.org/glob/-/glob-3.2.11.tgz",
          "integrity": "sha1-Spc/Y1uRkPcV0QmH1cAP0oFevj0=",
          "dev": true,
          "requires": {
            "inherits": "2",
            "minimatch": "0.3"
          }
        },
        "minimatch": {
          "version": "0.3.0",
          "resolved": "https://registry.npmjs.org/minimatch/-/minimatch-0.3.0.tgz",
          "integrity": "sha1-J12O2qxPG7MyZHIInnlJyDlGmd0=",
          "dev": true,
          "requires": {
            "lru-cache": "2",
            "sigmund": "~1.0.0"
          }
        }
      }
    },
    "jasmine-core": {
      "version": "2.2.0",
      "resolved": "https://registry.npmjs.org/jasmine-core/-/jasmine-core-2.2.0.tgz",
      "integrity": "sha1-/nCycJKWYlblVkCeN8zehWWGQdo=",
      "dev": true
    },
    "jest-worker": {
      "version": "27.5.1",
      "resolved": "https://registry.npmjs.org/jest-worker/-/jest-worker-27.5.1.tgz",
      "integrity": "sha512-7vuh85V5cdDofPyxn58nrPjBktZo0u9x1g8WtjQol+jZDaE+fhN+cIvTj11GndBnMnyfrUOG1sZQxCdjKh+DKg==",
      "dev": true,
      "requires": {
        "@types/node": "*",
        "merge-stream": "^2.0.0",
        "supports-color": "^8.0.0"
      }
    },
    "json-parse-even-better-errors": {
      "version": "2.3.1",
      "resolved": "https://registry.npmjs.org/json-parse-even-better-errors/-/json-parse-even-better-errors-2.3.1.tgz",
      "integrity": "sha512-xyFwyhro/JEof6Ghe2iz2NcXoj2sloNsWr/XsERDK/oiPCfaNhl5ONfp+jQdAZRQQ0IJWNzH9zIZF7li91kh2w==",
      "dev": true
    },
    "json-schema-traverse": {
      "version": "0.4.1",
      "resolved": "https://registry.npmjs.org/json-schema-traverse/-/json-schema-traverse-0.4.1.tgz",
      "integrity": "sha512-xbbCH5dCYU5T8LcEhhuh7HJ88HXuW3qsI3Y0zOZFKfZEHcpWiHU/Jxzk629Brsab/mMiHQti9wMP+845RPe3Vg==",
      "dev": true
    },
    "jsonfile": {
      "version": "2.4.0",
      "resolved": "https://registry.npmjs.org/jsonfile/-/jsonfile-2.4.0.tgz",
      "integrity": "sha1-NzaitCi4e72gzIO1P6PWM6NcKug=",
      "requires": {
        "graceful-fs": "^4.1.6"
      }
    },
    "keypress": {
      "version": "0.2.1",
      "resolved": "https://registry.npmjs.org/keypress/-/keypress-0.2.1.tgz",
      "integrity": "sha1-HoBFQlABjbrUw/6USX1uZ7YmnHc="
    },
    "levenshtein": {
      "version": "1.0.5",
      "resolved": "https://registry.npmjs.org/levenshtein/-/levenshtein-1.0.5.tgz",
      "integrity": "sha1-ORFzepy1baNF0Aj1V4LG8TiXm6M="
    },
    "loader-runner": {
      "version": "4.3.0",
      "resolved": "https://registry.npmjs.org/loader-runner/-/loader-runner-4.3.0.tgz",
      "integrity": "sha512-3R/1M+yS3j5ou80Me59j7F9IMs4PXs3VqRrm0TU3AbKPxlmpoY1TNscJV/oGJXo8qCatFGTfDbY6W6ipGOYXfg==",
      "dev": true
    },
    "lower-case": {
      "version": "1.1.4",
      "resolved": "https://registry.npmjs.org/lower-case/-/lower-case-1.1.4.tgz",
      "integrity": "sha1-miyr0bno4K6ZOkv31YdcOcQujqw="
    },
    "lower-case-first": {
      "version": "1.0.2",
      "resolved": "https://registry.npmjs.org/lower-case-first/-/lower-case-first-1.0.2.tgz",
      "integrity": "sha1-5dp8JvKacHO+AtUrrJmA5ZIq36E=",
      "requires": {
        "lower-case": "^1.1.2"
      }
    },
    "lru-cache": {
      "version": "2.7.3",
      "resolved": "https://registry.npmjs.org/lru-cache/-/lru-cache-2.7.3.tgz",
      "integrity": "sha1-bUUk6LlV+V1PW1iFHOId1y+06VI="
    },
    "merge-stream": {
      "version": "2.0.0",
      "resolved": "https://registry.npmjs.org/merge-stream/-/merge-stream-2.0.0.tgz",
      "integrity": "sha512-abv/qOcuPfk3URPfDzmZU1LKmuw8kT+0nIHvKrKgFrwifol/doWcdA4ZqsWQ8ENrFKkd67Mfpo/LovbIUsbt3w==",
      "dev": true
    },
    "mime-db": {
      "version": "1.52.0",
      "resolved": "https://registry.npmjs.org/mime-db/-/mime-db-1.52.0.tgz",
      "integrity": "sha512-sPU4uV7dYlvtWJxwwxHD0PuihVNiE7TyAbQ5SWxDCB9mUYvOgroQOwYQQOKPJ8CIbE+1ETVlOoK1UC2nU3gYvg==",
      "dev": true
    },
    "mime-types": {
      "version": "2.1.35",
      "resolved": "https://registry.npmjs.org/mime-types/-/mime-types-2.1.35.tgz",
      "integrity": "sha512-ZDY+bPm5zTTF+YpCrAU9nK0UgICYPT0QtT1NZWFv4s++TNkcgVaT0g6+4R2uI4MjQjzysHB1zxuWL50hzaeXiw==",
      "dev": true,
      "requires": {
        "mime-db": "1.52.0"
      }
    },
    "minimatch": {
      "version": "3.0.4",
      "resolved": "https://registry.npmjs.org/minimatch/-/minimatch-3.0.4.tgz",
      "integrity": "sha512-yJHVQEhyqPLUTgt9B83PXu6W3rx4MvvHvSUvToogpwoGDOUQ+yDrR0HRot+yOCdCO7u4hX3pWft6kWBBcqh0UA==",
      "requires": {
        "brace-expansion": "^1.1.7"
      }
    },
    "minimist": {
      "version": "1.2.8",
      "resolved": "https://registry.npmjs.org/minimist/-/minimist-1.2.8.tgz",
      "integrity": "sha512-2yyAR8qBkN3YuheJanUpWC5U3bb5osDywNB8RzDVlDwDHbocAJveqqj1u8+SVD7jkWT4yvsHCpWqqWqAxb0zCA=="
    },
    "mkdirp": {
      "version": "0.5.6",
      "resolved": "https://registry.npmjs.org/mkdirp/-/mkdirp-0.5.6.tgz",
      "integrity": "sha512-FP+p8RB8OWpF3YZBCrP5gtADmtXApB5AMLn+vdyA+PyxCjrCs00mjyUozssO33cwDeT3wNGdLxJ5M//YqtHAJw==",
      "requires": {
        "minimist": "^1.2.6"
      }
    },
    "neo-async": {
      "version": "2.6.2",
      "resolved": "https://registry.npmjs.org/neo-async/-/neo-async-2.6.2.tgz",
      "integrity": "sha512-Yd3UES5mWCSqR+qNT93S3UoYUkqAZ9lLg8a7g9rimsWmYGK8cVToA4/sF3RrshdyV3sAGMXVUmpMYOw+dLpOuw==",
      "dev": true
    },
    "node-releases": {
      "version": "2.0.10",
      "resolved": "https://registry.npmjs.org/node-releases/-/node-releases-2.0.10.tgz",
      "integrity": "sha512-5GFldHPXVG/YZmFzJvKK2zDSzPKhEp0+ZR5SVaoSag9fsL5YgHbUHDfnG5494ISANDcK4KwPXAx2xqVEydmd7w==",
      "dev": true
    },
    "nomnom": {
      "version": "1.6.2",
      "resolved": "https://registry.npmjs.org/nomnom/-/nomnom-1.6.2.tgz",
      "integrity": "sha1-hKZqJgF0QI/Ft3oY+IjszET7aXE=",
      "requires": {
        "colors": "0.5.x",
        "underscore": "~1.4.4"
      },
      "dependencies": {
        "colors": {
          "version": "0.5.1",
          "resolved": "https://registry.npmjs.org/colors/-/colors-0.5.1.tgz",
          "integrity": "sha1-fQAj6usVTo7p/Oddy5I9DtFmd3Q="
        },
        "underscore": {
          "version": "1.4.4",
          "resolved": "https://registry.npmjs.org/underscore/-/underscore-1.4.4.tgz",
          "integrity": "sha1-YaajIBBiKvoHljvzJSA88SI51gQ="
        }
      }
    },
    "object-assign": {
      "version": "3.0.0",
      "resolved": "https://registry.npmjs.org/object-assign/-/object-assign-3.0.0.tgz",
      "integrity": "sha1-m+3VygiXlJvKR+f/QIBi1Un1h/I="
    },
    "once": {
      "version": "1.4.0",
      "resolved": "https://registry.npmjs.org/once/-/once-1.4.0.tgz",
      "integrity": "sha1-WDsap3WWHUsROsF9nFC6753Xa9E=",
      "requires": {
        "wrappy": "1"
      }
    },
    "opn": {
      "version": "3.0.2",
      "resolved": "https://registry.npmjs.org/opn/-/opn-3.0.2.tgz",
      "integrity": "sha1-0zgGBwCLLlzEHnvVJPVMatve6ng=",
      "requires": {
        "object-assign": "^3.0.0"
      }
    },
    "param-case": {
      "version": "1.1.2",
      "resolved": "https://registry.npmjs.org/param-case/-/param-case-1.1.2.tgz",
      "integrity": "sha1-3LCRpDwlm5Io8cNB57akTqC/l0M=",
      "requires": {
        "sentence-case": "^1.1.2"
      }
    },
    "pascal-case": {
      "version": "1.1.2",
      "resolved": "https://registry.npmjs.org/pascal-case/-/pascal-case-1.1.2.tgz",
      "integrity": "sha1-Pl1kogBDgwp8STRMLXS0G+DJyZs=",
      "requires": {
        "camel-case": "^1.1.1",
        "upper-case-first": "^1.1.0"
      }
    },
    "path-case": {
      "version": "1.1.2",
      "resolved": "https://registry.npmjs.org/path-case/-/path-case-1.1.2.tgz",
      "integrity": "sha1-UM5roNO+090LXCqcRVNpdDRAlRQ=",
      "requires": {
        "sentence-case": "^1.1.2"
      }
    },
    "path-is-absolute": {
      "version": "1.0.1",
      "resolved": "https://registry.npmjs.org/path-is-absolute/-/path-is-absolute-1.0.1.tgz",
      "integrity": "sha1-F0uSaHNVNP+8es5r9TpanhtcX18="
    },
    "picocolors": {
      "version": "1.0.0",
      "resolved": "https://registry.npmjs.org/picocolors/-/picocolors-1.0.0.tgz",
      "integrity": "sha512-1fygroTLlHu66zi26VoTDv8yRgm0Fccecssto+MhsZ0D/DGW2sm8E8AjW7NU5VVTRt5GxbeZ5qBuJr+HyLYkjQ==",
      "dev": true
    },
    "portscanner": {
      "version": "1.0.0",
      "resolved": "https://registry.npmjs.org/portscanner/-/portscanner-1.0.0.tgz",
      "integrity": "sha1-O1z+OTgotRYKvGAOYnDrwvFZBVg=",
      "requires": {
        "async": "0.1.15"
      },
      "dependencies": {
        "async": {
          "version": "0.1.15",
          "resolved": "https://registry.npmjs.org/async/-/async-0.1.15.tgz",
          "integrity": "sha1-IYDqyizypspSgNQcBYW+ybPkm9M="
        }
      }
    },
    "progress": {
      "version": "1.1.8",
      "resolved": "https://registry.npmjs.org/progress/-/progress-1.1.8.tgz",
      "integrity": "sha1-4mDHj2Fhzdmw5WzD4Khd4Xx6V74="
    },
    "punycode": {
      "version": "2.3.0",
      "resolved": "https://registry.npmjs.org/punycode/-/punycode-2.3.0.tgz",
      "integrity": "sha512-rRV+zQD8tVFys26lAGR9WUuS4iUAngJScM+ZRSKtvl5tKeZ2t5bvdNFdNHBW9FWR4guGHlgmsZ1G7BSm2wTbuA==",
      "dev": true
    },
    "randombytes": {
      "version": "2.1.0",
      "resolved": "https://registry.npmjs.org/randombytes/-/randombytes-2.1.0.tgz",
      "integrity": "sha512-vYl3iOX+4CKUWuxGi9Ukhie6fsqXqS9FE2Zaic4tNFD2N2QQaXOMFbuKK4QmDHC0JO6B1Zp41J0LpT0oR68amQ==",
      "dev": true,
      "requires": {
        "safe-buffer": "^5.1.0"
      }
    },
    "readline-sync": {
      "version": "1.2.21",
      "resolved": "https://registry.npmjs.org/readline-sync/-/readline-sync-1.2.21.tgz",
      "integrity": "sha1-16DrBHLblIymlsDYES+xiDasjjo="
    },
    "replace": {
      "version": "0.3.0",
      "resolved": "https://registry.npmjs.org/replace/-/replace-0.3.0.tgz",
      "integrity": "sha1-YAgXIRiGWFlatqeU63/ty0yNOcc=",
      "requires": {
        "colors": "0.5.x",
        "minimatch": "~0.2.9",
        "nomnom": "1.6.x"
      },
      "dependencies": {
        "colors": {
          "version": "0.5.1",
          "resolved": "https://registry.npmjs.org/colors/-/colors-0.5.1.tgz",
          "integrity": "sha1-fQAj6usVTo7p/Oddy5I9DtFmd3Q="
        },
        "minimatch": {
          "version": "0.2.14",
          "resolved": "https://registry.npmjs.org/minimatch/-/minimatch-0.2.14.tgz",
          "integrity": "sha1-x054BXT2PG+aCQ6Q775u9TpqdWo=",
          "requires": {
            "lru-cache": "2",
            "sigmund": "~1.0.0"
          }
        }
      }
    },
    "rimraf": {
      "version": "2.4.5",
      "resolved": "https://registry.npmjs.org/rimraf/-/rimraf-2.4.5.tgz",
      "integrity": "sha1-7nEM5dk6j9uFb7Xqj/Di11k0sto=",
      "requires": {
        "glob": "^6.0.1"
      }
    },
    "safe-buffer": {
      "version": "5.2.1",
      "resolved": "https://registry.npmjs.org/safe-buffer/-/safe-buffer-5.2.1.tgz",
      "integrity": "sha512-rp3So07KcdmmKbGvgaNxQSJr7bGVSVk5S9Eq1F+ppbRo70+YeaDxkw5Dd8NPN+GD6bjnYm2VuPuCXmpuYvmCXQ==",
      "dev": true
    },
    "schema-utils": {
      "version": "3.1.1",
      "resolved": "https://registry.npmjs.org/schema-utils/-/schema-utils-3.1.1.tgz",
      "integrity": "sha512-Y5PQxS4ITlC+EahLuXaY86TXfR7Dc5lw294alXOq86JAHCihAIZfqv8nNCWvaEJvaC51uN9hbLGeV0cFBdH+Fw==",
      "dev": true,
      "requires": {
        "@types/json-schema": "^7.0.8",
        "ajv": "^6.12.5",
        "ajv-keywords": "^3.5.2"
      }
    },
    "sentence-case": {
      "version": "1.1.3",
      "resolved": "https://registry.npmjs.org/sentence-case/-/sentence-case-1.1.3.tgz",
      "integrity": "sha1-gDSq/CFFdy06vhUJqkLJ4QQtwTk=",
      "requires": {
        "lower-case": "^1.1.1"
      }
    },
    "serialize-javascript": {
      "version": "6.0.1",
      "resolved": "https://registry.npmjs.org/serialize-javascript/-/serialize-javascript-6.0.1.tgz",
      "integrity": "sha512-owoXEFjWRllis8/M1Q+Cw5k8ZH40e3zhp/ovX+Xr/vi1qj6QesbyXXViFbpNvWvPNAD62SutwEXavefrLJWj7w==",
      "dev": true,
      "requires": {
        "randombytes": "^2.1.0"
      }
    },
    "sigmund": {
      "version": "1.0.1",
      "resolved": "https://registry.npmjs.org/sigmund/-/sigmund-1.0.1.tgz",
      "integrity": "sha1-P/IfGYytIXX587eBhT/ZTQ0ZtZA="
    },
    "snake-case": {
      "version": "1.1.2",
      "resolved": "https://registry.npmjs.org/snake-case/-/snake-case-1.1.2.tgz",
      "integrity": "sha1-DC8l4wUVjZoY09l3BmGH/vilpmo=",
      "requires": {
        "sentence-case": "^1.1.2"
      }
    },
    "source-map": {
      "version": "0.6.1",
      "resolved": "https://registry.npmjs.org/source-map/-/source-map-0.6.1.tgz",
      "integrity": "sha512-UjgapumWlbMhkBgzT7Ykc5YXUT46F0iKu8SGXq0bcwP5dz/h0Plj6enJqjz1Zbq2l5WaqYnrVbwWOWMyF3F47g==",
      "dev": true
    },
    "source-map-support": {
      "version": "0.5.21",
      "resolved": "https://registry.npmjs.org/source-map-support/-/source-map-support-0.5.21.tgz",
      "integrity": "sha512-uBHU3L3czsIyYXKX88fdrGovxdSCoTGDRZ6SYXtSRxLZUzHg5P/66Ht6uoUlHu9EZod+inXhKo3qQgwXUT/y1w==",
      "dev": true,
      "requires": {
        "buffer-from": "^1.0.0",
        "source-map": "^0.6.0"
      }
    },
    "supports-color": {
      "version": "8.1.1",
      "resolved": "https://registry.npmjs.org/supports-color/-/supports-color-8.1.1.tgz",
      "integrity": "sha512-MpUEN2OodtUzxvKQl72cUF7RQ5EiHsGvSsVG0ia9c5RbWGL2CI4C7EpPS8UTBIplnlzZiNuV56w+FuNxy3ty2Q==",
      "dev": true,
      "requires": {
        "has-flag": "^4.0.0"
      }
    },
    "swap-case": {
      "version": "1.1.2",
      "resolved": "https://registry.npmjs.org/swap-case/-/swap-case-1.1.2.tgz",
      "integrity": "sha1-w5IDpFhzhfrTyFCgvRvK+ggZdOM=",
      "requires": {
        "lower-case": "^1.1.1",
        "upper-case": "^1.1.1"
      }
    },
    "tapable": {
      "version": "2.2.1",
      "resolved": "https://registry.npmjs.org/tapable/-/tapable-2.2.1.tgz",
      "integrity": "sha512-GNzQvQTOIP6RyTfE2Qxb8ZVlNmw0n88vp1szwWRimP02mnTsx3Wtn5qRdqY9w2XduFNUgvOwhNnQsjwCp+kqaQ==",
      "dev": true
    },
    "terser": {
      "version": "5.16.5",
      "resolved": "https://registry.npmjs.org/terser/-/terser-5.16.5.tgz",
      "integrity": "sha512-qcwfg4+RZa3YvlFh0qjifnzBHjKGNbtDo9yivMqMFDy9Q6FSaQWSB/j1xKhsoUFJIqDOM3TsN6D5xbrMrFcHbg==",
      "dev": true,
      "requires": {
        "@jridgewell/source-map": "^0.3.2",
        "acorn": "^8.5.0",
        "commander": "^2.20.0",
        "source-map-support": "~0.5.20"
      }
    },
    "terser-webpack-plugin": {
      "version": "5.3.6",
      "resolved": "https://registry.npmjs.org/terser-webpack-plugin/-/terser-webpack-plugin-5.3.6.tgz",
      "integrity": "sha512-kfLFk+PoLUQIbLmB1+PZDMRSZS99Mp+/MHqDNmMA6tOItzRt+Npe3E+fsMs5mfcM0wCtrrdU387UnV+vnSffXQ==",
      "dev": true,
      "requires": {
        "@jridgewell/trace-mapping": "^0.3.14",
        "jest-worker": "^27.4.5",
        "schema-utils": "^3.1.1",
        "serialize-javascript": "^6.0.0",
        "terser": "^5.14.1"
      }
    },
    "title-case": {
      "version": "1.1.2",
      "resolved": "https://registry.npmjs.org/title-case/-/title-case-1.1.2.tgz",
      "integrity": "sha1-+uSmrlRr+iLQg6DuqRCkDRLtT1o=",
      "requires": {
        "sentence-case": "^1.1.1",
        "upper-case": "^1.0.3"
      }
    },
    "underscore": {
      "version": "1.9.1",
      "resolved": "https://registry.npmjs.org/underscore/-/underscore-1.9.1.tgz",
      "integrity": "sha512-5/4etnCkd9c8gwgowi5/om/mYO5ajCaOgdzj/oW+0eQV9WxKBDZw5+ycmKmeaTXjInS/W0BzpGLo2xR2aBwZdg=="
    },
    "update-browserslist-db": {
      "version": "1.0.10",
      "resolved": "https://registry.npmjs.org/update-browserslist-db/-/update-browserslist-db-1.0.10.tgz",
      "integrity": "sha512-OztqDenkfFkbSG+tRxBeAnCVPckDBcvibKd35yDONx6OU8N7sqgwc7rCbkJ/WcYtVRZ4ba68d6byhC21GFh7sQ==",
      "dev": true,
      "requires": {
        "escalade": "^3.1.1",
        "picocolors": "^1.0.0"
      }
    },
    "upper-case": {
      "version": "1.1.3",
      "resolved": "https://registry.npmjs.org/upper-case/-/upper-case-1.1.3.tgz",
      "integrity": "sha1-9rRQHC7EzdJrp4vnIilh3ndiFZg="
    },
    "upper-case-first": {
      "version": "1.1.2",
      "resolved": "https://registry.npmjs.org/upper-case-first/-/upper-case-first-1.1.2.tgz",
      "integrity": "sha1-XXm+3P8UQZUY/S7bCgUHybaFkRU=",
      "requires": {
        "upper-case": "^1.1.1"
      }
    },
    "uri-js": {
      "version": "4.4.1",
      "resolved": "https://registry.npmjs.org/uri-js/-/uri-js-4.4.1.tgz",
      "integrity": "sha512-7rKUyy33Q1yc98pQ1DAmLtwX109F7TIfWlW1Ydo8Wl1ii1SeHieeh0HHfPeL2fMXK6z0s8ecKs9frCuLJvndBg==",
      "dev": true,
      "requires": {
        "punycode": "^2.1.0"
      }
    },
    "watchpack": {
      "version": "2.4.0",
      "resolved": "https://registry.npmjs.org/watchpack/-/watchpack-2.4.0.tgz",
      "integrity": "sha512-Lcvm7MGST/4fup+ifyKi2hjyIAwcdI4HRgtvTpIUxBRhB+RFtUh8XtDOxUfctVCnhVi+QQj49i91OyvzkJl6cg==",
      "dev": true,
      "requires": {
        "glob-to-regexp": "^0.4.1",
        "graceful-fs": "^4.1.2"
      }
    },
    "webpack": {
      "version": "5.75.0",
      "resolved": "https://registry.npmjs.org/webpack/-/webpack-5.75.0.tgz",
      "integrity": "sha512-piaIaoVJlqMsPtX/+3KTTO6jfvrSYgauFVdt8cr9LTHKmcq/AMd4mhzsiP7ZF/PGRNPGA8336jldh9l2Kt2ogQ==",
      "dev": true,
      "requires": {
        "@types/eslint-scope": "^3.7.3",
        "@types/estree": "^0.0.51",
        "@webassemblyjs/ast": "1.11.1",
        "@webassemblyjs/wasm-edit": "1.11.1",
        "@webassemblyjs/wasm-parser": "1.11.1",
        "acorn": "^8.7.1",
        "acorn-import-assertions": "^1.7.6",
        "browserslist": "^4.14.5",
        "chrome-trace-event": "^1.0.2",
        "enhanced-resolve": "^5.10.0",
        "es-module-lexer": "^0.9.0",
        "eslint-scope": "5.1.1",
        "events": "^3.2.0",
        "glob-to-regexp": "^0.4.1",
        "graceful-fs": "^4.2.9",
        "json-parse-even-better-errors": "^2.3.1",
        "loader-runner": "^4.2.0",
        "mime-types": "^2.1.27",
        "neo-async": "^2.6.2",
        "schema-utils": "^3.1.0",
        "tapable": "^2.1.1",
        "terser-webpack-plugin": "^5.1.3",
        "watchpack": "^2.4.0",
        "webpack-sources": "^3.2.3"
      },
      "dependencies": {
        "graceful-fs": {
          "version": "4.2.10",
          "resolved": "https://registry.npmjs.org/graceful-fs/-/graceful-fs-4.2.10.tgz",
          "integrity": "sha512-9ByhssR2fPVsNZj478qUUbKfmL0+t5BDVyjShtyZZLiK7ZDAArFFfopyOTj0M05wE2tJPisA4iTnnXl2YoPvOA==",
          "dev": true
        }
      }
    },
    "webpack-sources": {
      "version": "3.2.3",
      "resolved": "https://registry.npmjs.org/webpack-sources/-/webpack-sources-3.2.3.tgz",
      "integrity": "sha512-/DyMEOrDgLKKIG0fmvtz+4dUX/3Ghozwgm6iPp8KRhvn+eQf9+Q7GWxVNMk3+uCPWfdXYC4ExGBckIXdFEfH1w==",
      "dev": true
    },
    "which": {
      "version": "1.2.0",
      "resolved": "https://registry.npmjs.org/which/-/which-1.2.0.tgz",
      "integrity": "sha1-pcjfWrx5L2zpZSyNnKjzqRt35Z0=",
      "requires": {
        "is-absolute": "^0.1.7"
      }
    },
    "wrappy": {
      "version": "1.0.2",
      "resolved": "https://registry.npmjs.org/wrappy/-/wrappy-1.0.2.tgz",
      "integrity": "sha1-tSQ9jz7BqjXxNkYFvA0QNuMKtp8="
    }
  }
}
